
Microsoft Visual Studio Solution File, Format Version 12.00
# Visual Studio 15
VisualStudioVersion = 15.0.27130.2026
MinimumVisualStudioVersion = 10.0.40219.1
Project("{FAE04EC0-301F-11D3-BF4B-00C04F79EFBC}") = "FaceSender", "FaceSender\FaceSender.csproj", "{F7F4BC3F-494A-43BD-95BE-E4309B05C048}"
EndProject
Global
	GlobalSection(SolutionConfigurationPlatforms) = preSolution
		Debug|Any CPU = Debug|Any CPU
		Release|Any CPU = Release|Any CPU
	EndGlobalSection
	GlobalSection(ProjectConfigurationPlatforms) = postSolution
		{F7F4BC3F-494A-43BD-95BE-E4309B05C048}.Debug|Any CPU.ActiveCfg = Debug|Any CPU
		{F7F4BC3F-494A-43BD-95BE-E4309B05C048}.Debug|Any CPU.Build.0 = Debug|Any CPU
		{F7F4BC3F-494A-43BD-95BE-E4309B05C048}.Release|Any CPU.ActiveCfg = Release|Any CPU
		{F7F4BC3F-494A-43BD-95BE-E4309B05C048}.Release|Any CPU.Build.0 = Release|Any CPU
	EndGlobalSection
	GlobalSection(SolutionProperties) = preSolution
		HideSolutionNode = FALSE
	EndGlobalSection
	GlobalSection(ExtensibilityGlobals) = postSolution
		SolutionGuid = {99AF134A-DA09-4E78-83F8-CEECFAD1A36C}
	EndGlobalSection
EndGlobal
